{
  "name": "miniprogram-2",
  "lockfileVersion": 2,
  "requires": true,
  "packages": {
    "": {
      "dependencies": {
        "@vant/weapp": "^1.6.8"
      }
    },
    "node_modules/@vant/weapp": {
      "version": "1.6.8",
      "resolved": "http://182.92.97.203:7205/@vant%2fweapp/-/weapp-1.6.8.tgz",
      "integrity": "sha1-lIrhb7oHxaIFTFJ4PyKq9qBEU+E=",
      "license": "MIT"
    }
  },
  "dependencies": {
    "@vant/weapp": {
      "version": "1.6.8",
      "resolved": "http://182.92.97.203:7205/@vant%2fweapp/-/weapp-1.6.8.tgz",
      "integrity": "sha1-lIrhb7oHxaIFTFJ4PyKq9qBEU+E="
    }
  }
}
